
Microsoft Visual Studio Solution File, Format Version 12.00
# Visual Studio Version 17
VisualStudioVersion = 17.14.37012.4
MinimumVisualStudioVersion = 10.0.40219.1
Project("{FAE04EC0-301F-11D3-BF4B-00C04F79EFBC}") = "Plataforma_CG", "Plataforma_CG\Plataforma_CG.csproj", "{0AD9CABB-0419-4F23-AD32-397853AEBACF}"
EndProject
Global
	GlobalSection(SolutionConfigurationPlatforms) = preSolution
		Debug|Any CPU = Debug|Any CPU
		Release|Any CPU = Release|Any CPU
	EndGlobalSection
	GlobalSection(ProjectConfigurationPlatforms) = postSolution
		{0AD9CABB-0419-4F23-AD32-397853AEBACF}.Debug|Any CPU.ActiveCfg = Debug|Any CPU
		{0AD9CABB-0419-4F23-AD32-397853AEBACF}.Debug|Any CPU.Build.0 = Debug|Any CPU
		{0AD9CABB-0419-4F23-AD32-397853AEBACF}.Release|Any CPU.ActiveCfg = Release|Any CPU
		{0AD9CABB-0419-4F23-AD32-397853AEBACF}.Release|Any CPU.Build.0 = Release|Any CPU
	EndGlobalSection
	GlobalSection(SolutionProperties) = preSolution
		HideSolutionNode = FALSE
	EndGlobalSection
	GlobalSection(ExtensibilityGlobals) = postSolution
		SolutionGuid = {8043FD2C-D02E-4B85-8654-68D295D573EC}
	EndGlobalSection
EndGlobal
